
Microsoft Visual Studio Solution File, Format Version 12.00
# Visual Studio Version 17
VisualStudioVersion = 17.4.33213.308
MinimumVisualStudioVersion = 10.0.40219.1
Project("{FAE04EC0-301F-11D3-BF4B-00C04F79EFBC}") = "Nikita.TaskPlanner", "Nikita.TaskPlanner\Nikita.TaskPlanner.csproj", "{43CDF4D0-D21D-4ED2-B8FB-53C3ECDB69BE}"
EndProject
Global
	GlobalSection(SolutionConfigurationPlatforms) = preSolution
		Debug|Any CPU = Debug|Any CPU
		Release|Any CPU = Release|Any CPU
	EndGlobalSection
	GlobalSection(ProjectConfigurationPlatforms) = postSolution
		{43CDF4D0-D21D-4ED2-B8FB-53C3ECDB69BE}.Debug|Any CPU.ActiveCfg = Debug|Any CPU
		{43CDF4D0-D21D-4ED2-B8FB-53C3ECDB69BE}.Debug|Any CPU.Build.0 = Debug|Any CPU
		{43CDF4D0-D21D-4ED2-B8FB-53C3ECDB69BE}.Release|Any CPU.ActiveCfg = Release|Any CPU
		{43CDF4D0-D21D-4ED2-B8FB-53C3ECDB69BE}.Release|Any CPU.Build.0 = Release|Any CPU
	EndGlobalSection
	GlobalSection(SolutionProperties) = preSolution
		HideSolutionNode = FALSE
	EndGlobalSection
	GlobalSection(ExtensibilityGlobals) = postSolution
		SolutionGuid = {396C4D23-9B49-4F55-B886-14F243FCB107}
	EndGlobalSection
EndGlobal
