
Microsoft Visual Studio Solution File, Format Version 12.00
# Visual Studio Version 17
VisualStudioVersion = 17.4.33213.308
MinimumVisualStudioVersion = 10.0.40219.1
Project("{FAE04EC0-301F-11D3-BF4B-00C04F79EFBC}") = "JonDou9000.TaskPlanner.Domain.Models.", "..\JonDou9000.TaskPlanner.Domain.Models\JonDou9000.TaskPlanner.Domain.Models..csproj", "{05544A2C-A304-4BFB-901D-22F61F682E11}"
EndProject
Global
	GlobalSection(SolutionConfigurationPlatforms) = preSolution
		Debug|Any CPU = Debug|Any CPU
		Release|Any CPU = Release|Any CPU
	EndGlobalSection
	GlobalSection(ProjectConfigurationPlatforms) = postSolution
		{05544A2C-A304-4BFB-901D-22F61F682E11}.Debug|Any CPU.ActiveCfg = Debug|Any CPU
		{05544A2C-A304-4BFB-901D-22F61F682E11}.Debug|Any CPU.Build.0 = Debug|Any CPU
		{05544A2C-A304-4BFB-901D-22F61F682E11}.Release|Any CPU.ActiveCfg = Release|Any CPU
		{05544A2C-A304-4BFB-901D-22F61F682E11}.Release|Any CPU.Build.0 = Release|Any CPU
	EndGlobalSection
	GlobalSection(SolutionProperties) = preSolution
		HideSolutionNode = FALSE
	EndGlobalSection
	GlobalSection(ExtensibilityGlobals) = postSolution
		SolutionGuid = {D43CF80E-69B4-4C82-9FDB-817C397BFEB2}
	EndGlobalSection
EndGlobal
